
Microsoft Visual Studio Solution File, Format Version 12.00
# Visual Studio 15
VisualStudioVersion = 15.0.26124.0
MinimumVisualStudioVersion = 15.0.26124.0
Project("{2150E333-8FDC-42A3-9474-1A3956D46DE8}") = "src", "src", "{2520C956-2D73-4B28-A89C-ACD898A41CB9}"
EndProject
Project("{2150E333-8FDC-42A3-9474-1A3956D46DE8}") = "Libraries", "Libraries", "{60BA5214-BFA7-44F1-9FE1-464262773C06}"
EndProject
Project("{FAE04EC0-301F-11D3-BF4B-00C04F79EFBC}") = "PIMSystem.Core", "src\Libraries\PIMSystem.Core\PIMSystem.Core.csproj", "{B3815644-9B4A-423A-80B8-F82A0CB38F81}"
EndProject
Project("{FAE04EC0-301F-11D3-BF4B-00C04F79EFBC}") = "PIMSystem.Data", "src\Libraries\PIMSystem.Data\PIMSystem.Data.csproj", "{5F740BB9-F7A7-4DB6-81F6-40BBAF2B0E03}"
EndProject
Project("{FAE04EC0-301F-11D3-BF4B-00C04F79EFBC}") = "PIMSystem.Service", "src\Libraries\PIMSystem.Service\PIMSystem.Service.csproj", "{71A6E58E-513D-4D86-A500-62576687D8C5}"
EndProject
Project("{2150E333-8FDC-42A3-9474-1A3956D46DE8}") = "Tests", "Tests", "{AB94A6C8-4BF6-42CA-AE3A-7811B7B40E81}"
EndProject
Project("{FAE04EC0-301F-11D3-BF4B-00C04F79EFBC}") = "PIMSystem.Service.Test", "src\Tests\PIMSystem.Service.Test\PIMSystem.Service.Test.csproj", "{370FCCE5-F660-4D76-B5F5-08CF9B5E704A}"
EndProject
Project("{2150E333-8FDC-42A3-9474-1A3956D46DE8}") = "Interfaces", "Interfaces", "{C7F76D40-C3C3-4953-B940-A97DE7B93B50}"
EndProject
Project("{FAE04EC0-301F-11D3-BF4B-00C04F79EFBC}") = "PIMSystem.API", "src\Interfaces\PIMSystem.API\PIMSystem.API.csproj", "{80F13335-8D23-4E36-9C74-57BEC4106C3B}"
EndProject
Project("{2150E333-8FDC-42A3-9474-1A3956D46DE8}") = "Consumers", "Consumers", "{1DFC23AB-0EA5-48AA-AFF3-17370FA1BEA1}"
EndProject
Project("{FAE04EC0-301F-11D3-BF4B-00C04F79EFBC}") = "PIMSystem.ImportConsumer", "src\Consumers\PIMSystem.ImportConsumer\PIMSystem.ImportConsumer.csproj", "{FB2816B5-55B5-4881-9824-8433F2AA655A}"
EndProject
Global
	GlobalSection(SolutionConfigurationPlatforms) = preSolution
		Debug|Any CPU = Debug|Any CPU
		Debug|x64 = Debug|x64
		Debug|x86 = Debug|x86
		Release|Any CPU = Release|Any CPU
		Release|x64 = Release|x64
		Release|x86 = Release|x86
	EndGlobalSection
	GlobalSection(SolutionProperties) = preSolution
		HideSolutionNode = FALSE
	EndGlobalSection
	GlobalSection(ProjectConfigurationPlatforms) = postSolution
		{B3815644-9B4A-423A-80B8-F82A0CB38F81}.Debug|Any CPU.ActiveCfg = Debug|Any CPU
		{B3815644-9B4A-423A-80B8-F82A0CB38F81}.Debug|Any CPU.Build.0 = Debug|Any CPU
		{B3815644-9B4A-423A-80B8-F82A0CB38F81}.Debug|x64.ActiveCfg = Debug|Any CPU
		{B3815644-9B4A-423A-80B8-F82A0CB38F81}.Debug|x64.Build.0 = Debug|Any CPU
		{B3815644-9B4A-423A-80B8-F82A0CB38F81}.Debug|x86.ActiveCfg = Debug|Any CPU
		{B3815644-9B4A-423A-80B8-F82A0CB38F81}.Debug|x86.Build.0 = Debug|Any CPU
		{B3815644-9B4A-423A-80B8-F82A0CB38F81}.Release|Any CPU.ActiveCfg = Release|Any CPU
		{B3815644-9B4A-423A-80B8-F82A0CB38F81}.Release|Any CPU.Build.0 = Release|Any CPU
		{B3815644-9B4A-423A-80B8-F82A0CB38F81}.Release|x64.ActiveCfg = Release|Any CPU
		{B3815644-9B4A-423A-80B8-F82A0CB38F81}.Release|x64.Build.0 = Release|Any CPU
		{B3815644-9B4A-423A-80B8-F82A0CB38F81}.Release|x86.ActiveCfg = Release|Any CPU
		{B3815644-9B4A-423A-80B8-F82A0CB38F81}.Release|x86.Build.0 = Release|Any CPU
		{5F740BB9-F7A7-4DB6-81F6-40BBAF2B0E03}.Debug|Any CPU.ActiveCfg = Debug|Any CPU
		{5F740BB9-F7A7-4DB6-81F6-40BBAF2B0E03}.Debug|Any CPU.Build.0 = Debug|Any CPU
		{5F740BB9-F7A7-4DB6-81F6-40BBAF2B0E03}.Debug|x64.ActiveCfg = Debug|Any CPU
		{5F740BB9-F7A7-4DB6-81F6-40BBAF2B0E03}.Debug|x64.Build.0 = Debug|Any CPU
		{5F740BB9-F7A7-4DB6-81F6-40BBAF2B0E03}.Debug|x86.ActiveCfg = Debug|Any CPU
		{5F740BB9-F7A7-4DB6-81F6-40BBAF2B0E03}.Debug|x86.Build.0 = Debug|Any CPU
		{5F740BB9-F7A7-4DB6-81F6-40BBAF2B0E03}.Release|Any CPU.ActiveCfg = Release|Any CPU
		{5F740BB9-F7A7-4DB6-81F6-40BBAF2B0E03}.Release|Any CPU.Build.0 = Release|Any CPU
		{5F740BB9-F7A7-4DB6-81F6-40BBAF2B0E03}.Release|x64.ActiveCfg = Release|Any CPU
		{5F740BB9-F7A7-4DB6-81F6-40BBAF2B0E03}.Release|x64.Build.0 = Release|Any CPU
		{5F740BB9-F7A7-4DB6-81F6-40BBAF2B0E03}.Release|x86.ActiveCfg = Release|Any CPU
		{5F740BB9-F7A7-4DB6-81F6-40BBAF2B0E03}.Release|x86.Build.0 = Release|Any CPU
		{71A6E58E-513D-4D86-A500-62576687D8C5}.Debug|Any CPU.ActiveCfg = Debug|Any CPU
		{71A6E58E-513D-4D86-A500-62576687D8C5}.Debug|Any CPU.Build.0 = Debug|Any CPU
		{71A6E58E-513D-4D86-A500-62576687D8C5}.Debug|x64.ActiveCfg = Debug|Any CPU
		{71A6E58E-513D-4D86-A500-62576687D8C5}.Debug|x64.Build.0 = Debug|Any CPU
		{71A6E58E-513D-4D86-A500-62576687D8C5}.Debug|x86.ActiveCfg = Debug|Any CPU
		{71A6E58E-513D-4D86-A500-62576687D8C5}.Debug|x86.Build.0 = Debug|Any CPU
		{71A6E58E-513D-4D86-A500-62576687D8C5}.Release|Any CPU.ActiveCfg = Release|Any CPU
		{71A6E58E-513D-4D86-A500-62576687D8C5}.Release|Any CPU.Build.0 = Release|Any CPU
		{71A6E58E-513D-4D86-A500-62576687D8C5}.Release|x64.ActiveCfg = Release|Any CPU
		{71A6E58E-513D-4D86-A500-62576687D8C5}.Release|x64.Build.0 = Release|Any CPU
		{71A6E58E-513D-4D86-A500-62576687D8C5}.Release|x86.ActiveCfg = Release|Any CPU
		{71A6E58E-513D-4D86-A500-62576687D8C5}.Release|x86.Build.0 = Release|Any CPU
		{370FCCE5-F660-4D76-B5F5-08CF9B5E704A}.Debug|Any CPU.ActiveCfg = Debug|Any CPU
		{370FCCE5-F660-4D76-B5F5-08CF9B5E704A}.Debug|Any CPU.Build.0 = Debug|Any CPU
		{370FCCE5-F660-4D76-B5F5-08CF9B5E704A}.Debug|x64.ActiveCfg = Debug|Any CPU
		{370FCCE5-F660-4D76-B5F5-08CF9B5E704A}.Debug|x64.Build.0 = Debug|Any CPU
		{370FCCE5-F660-4D76-B5F5-08CF9B5E704A}.Debug|x86.ActiveCfg = Debug|Any CPU
		{370FCCE5-F660-4D76-B5F5-08CF9B5E704A}.Debug|x86.Build.0 = Debug|Any CPU
		{370FCCE5-F660-4D76-B5F5-08CF9B5E704A}.Release|Any CPU.ActiveCfg = Release|Any CPU
		{370FCCE5-F660-4D76-B5F5-08CF9B5E704A}.Release|Any CPU.Build.0 = Release|Any CPU
		{370FCCE5-F660-4D76-B5F5-08CF9B5E704A}.Release|x64.ActiveCfg = Release|Any CPU
		{370FCCE5-F660-4D76-B5F5-08CF9B5E704A}.Release|x64.Build.0 = Release|Any CPU
		{370FCCE5-F660-4D76-B5F5-08CF9B5E704A}.Release|x86.ActiveCfg = Release|Any CPU
		{370FCCE5-F660-4D76-B5F5-08CF9B5E704A}.Release|x86.Build.0 = Release|Any CPU
		{80F13335-8D23-4E36-9C74-57BEC4106C3B}.Debug|Any CPU.ActiveCfg = Debug|Any CPU
		{80F13335-8D23-4E36-9C74-57BEC4106C3B}.Debug|Any CPU.Build.0 = Debug|Any CPU
		{80F13335-8D23-4E36-9C74-57BEC4106C3B}.Debug|x64.ActiveCfg = Debug|Any CPU
		{80F13335-8D23-4E36-9C74-57BEC4106C3B}.Debug|x64.Build.0 = Debug|Any CPU
		{80F13335-8D23-4E36-9C74-57BEC4106C3B}.Debug|x86.ActiveCfg = Debug|Any CPU
		{80F13335-8D23-4E36-9C74-57BEC4106C3B}.Debug|x86.Build.0 = Debug|Any CPU
		{80F13335-8D23-4E36-9C74-57BEC4106C3B}.Release|Any CPU.ActiveCfg = Release|Any CPU
		{80F13335-8D23-4E36-9C74-57BEC4106C3B}.Release|Any CPU.Build.0 = Release|Any CPU
		{80F13335-8D23-4E36-9C74-57BEC4106C3B}.Release|x64.ActiveCfg = Release|Any CPU
		{80F13335-8D23-4E36-9C74-57BEC4106C3B}.Release|x64.Build.0 = Release|Any CPU
		{80F13335-8D23-4E36-9C74-57BEC4106C3B}.Release|x86.ActiveCfg = Release|Any CPU
		{80F13335-8D23-4E36-9C74-57BEC4106C3B}.Release|x86.Build.0 = Release|Any CPU
		{FB2816B5-55B5-4881-9824-8433F2AA655A}.Debug|Any CPU.ActiveCfg = Debug|Any CPU
		{FB2816B5-55B5-4881-9824-8433F2AA655A}.Debug|Any CPU.Build.0 = Debug|Any CPU
		{FB2816B5-55B5-4881-9824-8433F2AA655A}.Debug|x64.ActiveCfg = Debug|Any CPU
		{FB2816B5-55B5-4881-9824-8433F2AA655A}.Debug|x64.Build.0 = Debug|Any CPU
		{FB2816B5-55B5-4881-9824-8433F2AA655A}.Debug|x86.ActiveCfg = Debug|Any CPU
		{FB2816B5-55B5-4881-9824-8433F2AA655A}.Debug|x86.Build.0 = Debug|Any CPU
		{FB2816B5-55B5-4881-9824-8433F2AA655A}.Release|Any CPU.ActiveCfg = Release|Any CPU
		{FB2816B5-55B5-4881-9824-8433F2AA655A}.Release|Any CPU.Build.0 = Release|Any CPU
		{FB2816B5-55B5-4881-9824-8433F2AA655A}.Release|x64.ActiveCfg = Release|Any CPU
		{FB2816B5-55B5-4881-9824-8433F2AA655A}.Release|x64.Build.0 = Release|Any CPU
		{FB2816B5-55B5-4881-9824-8433F2AA655A}.Release|x86.ActiveCfg = Release|Any CPU
		{FB2816B5-55B5-4881-9824-8433F2AA655A}.Release|x86.Build.0 = Release|Any CPU
	EndGlobalSection
	GlobalSection(NestedProjects) = preSolution
		{60BA5214-BFA7-44F1-9FE1-464262773C06} = {2520C956-2D73-4B28-A89C-ACD898A41CB9}
		{B3815644-9B4A-423A-80B8-F82A0CB38F81} = {60BA5214-BFA7-44F1-9FE1-464262773C06}
		{5F740BB9-F7A7-4DB6-81F6-40BBAF2B0E03} = {60BA5214-BFA7-44F1-9FE1-464262773C06}
		{71A6E58E-513D-4D86-A500-62576687D8C5} = {60BA5214-BFA7-44F1-9FE1-464262773C06}
		{AB94A6C8-4BF6-42CA-AE3A-7811B7B40E81} = {2520C956-2D73-4B28-A89C-ACD898A41CB9}
		{370FCCE5-F660-4D76-B5F5-08CF9B5E704A} = {AB94A6C8-4BF6-42CA-AE3A-7811B7B40E81}
		{C7F76D40-C3C3-4953-B940-A97DE7B93B50} = {2520C956-2D73-4B28-A89C-ACD898A41CB9}
		{80F13335-8D23-4E36-9C74-57BEC4106C3B} = {C7F76D40-C3C3-4953-B940-A97DE7B93B50}
		{1DFC23AB-0EA5-48AA-AFF3-17370FA1BEA1} = {2520C956-2D73-4B28-A89C-ACD898A41CB9}
		{FB2816B5-55B5-4881-9824-8433F2AA655A} = {1DFC23AB-0EA5-48AA-AFF3-17370FA1BEA1}
	EndGlobalSection
EndGlobal
